<?xml version="1.0" encoding="utf-8"?>
<Project ToolsVersion="4.0" xmlns="http://schemas.microsoft.com/developer/msbuild/2003">
  <ItemGroup>
    <Filter Include="Source Files">
      <UniqueIdentifier>{8578b533-1404-411f-84b8-d8f834003273}</UniqueIdentifier>
      <Extensions>cpp;c;cxx;rc;def;r;odl;idl;hpj;bat</Extensions>
    </Filter>
    <Filter Include="mss">
      <UniqueIdentifier>{0a436be9-a87f-4bc5-937e-6fce39336b06}</UniqueIdentifier>
    </Filter>
    <Filter Include="Resource Files">
      <UniqueIdentifier>{12901cfc-f12f-43b7-acec-d2891ee282f4}</UniqueIdentifier>
      <Extensions>ico;cur;bmp;dlg;rc2;rct;bin;rgs;gif;jpg;jpeg;jpe</Extensions>
    </Filter>
  </ItemGroup>
  <ItemGroup>
    <ClCompile Include="..\4DyuchiGRX_myself97\CheckClock.cpp">
      <Filter>Source Files</Filter>
    </ClCompile>
    <ClCompile Include="..\4DyuchiGRX_myself97\Logger.cpp">
      <Filter>Source Files</Filter>
    </ClCompile>
    <ClCompile Include="MilesSoundLib.cpp">
      <Filter>Source Files</Filter>
    </ClCompile>
    <ClCompile Include="SoundEffect.cpp">
      <Filter>Source Files</Filter>
    </ClCompile>
    <ClCompile Include="SoundEffectFile.cpp">
      <Filter>Source Files</Filter>
    </ClCompile>
    <ClCompile Include="SoundLib.cpp">
      <Filter>Source Files</Filter>
    </ClCompile>
    <ClCompile Include="SoundSample.cpp">
      <Filter>Source Files</Filter>
    </ClCompile>
    <ClCompile Include="StdAfx.cpp">
      <Filter>Source Files</Filter>
    </ClCompile>
  </ItemGroup>
  <ItemGroup>
    <ClInclude Include="..\4DyuchiGRX_myself97\CheckClock.h">
      <Filter>Source Files</Filter>
    </ClInclude>
    <ClInclude Include="..\4DyuchiGRX_myself97\logger.h">
      <Filter>Source Files</Filter>
    </ClInclude>
    <ClInclude Include="MilesSoundLib.h">
      <Filter>Source Files</Filter>
    </ClInclude>
    <ClInclude Include="SoundEffect.h">
      <Filter>Source Files</Filter>
    </ClInclude>
    <ClInclude Include="SoundEffectFile.h">
      <Filter>Source Files</Filter>
    </ClInclude>
    <ClInclude Include="SoundLib.h">
      <Filter>Source Files</Filter>
    </ClInclude>
    <ClInclude Include="SoundLibErrorString.h">
      <Filter>Source Files</Filter>
    </ClInclude>
    <ClInclude Include="SoundSample.h">
      <Filter>Source Files</Filter>
    </ClInclude>
    <ClInclude Include="StdAfx.h">
      <Filter>Source Files</Filter>
    </ClInclude>
    <ClInclude Include="mss\mss.h">
      <Filter>mss</Filter>
    </ClInclude>
  </ItemGroup>
  <ItemGroup>
    <Library Include="mss\mss32.lib">
      <Filter>mss</Filter>
    </Library>
    <Library Include="..\4DyuchiGXGFunc\SS3DGFunc.lib" />
  </ItemGroup>
  <ItemGroup>
    <Text Include="ReadMe.txt" />
  </ItemGroup>
</Project>