<?xml version="1.0" encoding="utf-8"?>
<Project ToolsVersion="4.0" xmlns="http://schemas.microsoft.com/developer/msbuild/2003">
  <ItemGroup>
    <Filter Include="Source Files">
      <UniqueIdentifier>{ef526966-c0f1-481c-9be8-a9de43995dc7}</UniqueIdentifier>
      <Extensions>cpp;c;cxx;rc;def;r;odl;idl;hpj;bat</Extensions>
    </Filter>
    <Filter Include="Header Files">
      <UniqueIdentifier>{0e5442df-b93c-4b35-96c9-b9994c64c973}</UniqueIdentifier>
      <Extensions>h;hpp;hxx;hm;inl</Extensions>
    </Filter>
    <Filter Include="Resource Files">
      <UniqueIdentifier>{3b7b67c8-092f-492b-b727-052f499f8c37}</UniqueIdentifier>
      <Extensions>ico;cur;bmp;dlg;rc2;rct;bin;rgs;gif;jpg;jpeg;jpe</Extensions>
    </Filter>
  </ItemGroup>
  <ItemGroup>
    <ClCompile Include="anmexp.cpp">
      <Filter>Source Files</Filter>
    </ClCompile>
    <ClCompile Include="dialog.cpp">
      <Filter>Source Files</Filter>
    </ClCompile>
    <ClCompile Include="DllEntry.cpp">
      <Filter>Source Files</Filter>
    </ClCompile>
    <ClCompile Include="..\max_common\helper.cpp">
      <Filter>Source Files</Filter>
    </ClCompile>
    <ClCompile Include="MOTION.CPP">
      <Filter>Source Files</Filter>
    </ClCompile>
    <ClCompile Include="motion_obj.cpp">
      <Filter>Source Files</Filter>
    </ClCompile>
    <ClCompile Include="object_property.cpp">
      <Filter>Source Files</Filter>
    </ClCompile>
    <ClCompile Include="..\max_common\UserDefine.cpp">
      <Filter>Source Files</Filter>
    </ClCompile>
  </ItemGroup>
  <ItemGroup>
    <None Include="anmexp.def">
      <Filter>Source Files</Filter>
    </None>
  </ItemGroup>
  <ItemGroup>
    <ResourceCompile Include="anmexp.rc">
      <Filter>Source Files</Filter>
    </ResourceCompile>
  </ItemGroup>
  <ItemGroup>
    <ClInclude Include="anmexp.h">
      <Filter>Header Files</Filter>
    </ClInclude>
    <ClInclude Include="dialog.h">
      <Filter>Header Files</Filter>
    </ClInclude>
    <ClInclude Include="..\4DyuchiGXGFunc\global.h">
      <Filter>Header Files</Filter>
    </ClInclude>
    <ClInclude Include="..\max_common\helper.h">
      <Filter>Header Files</Filter>
    </ClInclude>
    <ClInclude Include="MOTION.H">
      <Filter>Header Files</Filter>
    </ClInclude>
    <ClInclude Include="..\4DyuchiGRX_common\motion_flag.h">
      <Filter>Header Files</Filter>
    </ClInclude>
    <ClInclude Include="motion_obj.h">
      <Filter>Header Files</Filter>
    </ClInclude>
    <ClInclude Include="object_property.h">
      <Filter>Header Files</Filter>
    </ClInclude>
    <ClInclude Include="resource.h">
      <Filter>Header Files</Filter>
    </ClInclude>
    <ClInclude Include="..\4DyuchiGRX_common\typedef.h">
      <Filter>Header Files</Filter>
    </ClInclude>
    <ClInclude Include="..\max_common\UserDefine.h">
      <Filter>Header Files</Filter>
    </ClInclude>
  </ItemGroup>
</Project>