<?xml version="1.0" encoding="utf-8"?>
<Project ToolsVersion="4.0" xmlns="http://schemas.microsoft.com/developer/msbuild/2003">
  <ItemGroup>
    <Filter Include="源文件">
      <UniqueIdentifier>{4FC737F1-C7A5-4376-A066-2A32D752A2FF}</UniqueIdentifier>
      <Extensions>cpp;c;cc;cxx;def;odl;idl;hpj;bat;asm;asmx</Extensions>
    </Filter>
    <Filter Include="头文件">
      <UniqueIdentifier>{93995380-89BD-4b04-88EB-625FBE52EBFB}</UniqueIdentifier>
      <Extensions>h;hh;hpp;hxx;hm;inl;inc;xsd</Extensions>
    </Filter>
    <Filter Include="资源文件">
      <UniqueIdentifier>{67DA6AB6-F800-4c08-8B7A-83BB121AAD01}</UniqueIdentifier>
      <Extensions>rc;ico;cur;bmp;dlg;rc2;rct;bin;rgs;gif;jpg;jpeg;jpe;resx;tiff;tif;png;wav;mfcribbon-ms</Extensions>
    </Filter>
  </ItemGroup>
  <ItemGroup>
    <Text Include="ReadMe.txt" />
  </ItemGroup>
  <ItemGroup>
    <ClInclude Include="MHAutoPatch.h">
      <Filter>头文件</Filter>
    </ClInclude>
    <ClInclude Include="MHAutoPatchDlg.h">
      <Filter>头文件</Filter>
    </ClInclude>
    <ClInclude Include="stdafx.h">
      <Filter>头文件</Filter>
    </ClInclude>
    <ClInclude Include="targetver.h">
      <Filter>头文件</Filter>
    </ClInclude>
    <ClInclude Include="Resource.h">
      <Filter>头文件</Filter>
    </ClInclude>
    <ClInclude Include="CheckResourceFile.h">
      <Filter>头文件</Filter>
    </ClInclude>
    <ClInclude Include="cTextParsing.h">
      <Filter>头文件</Filter>
    </ClInclude>
    <ClInclude Include="GlobalStructDef.h">
      <Filter>头文件</Filter>
    </ClInclude>
    <ClInclude Include="HtmlViewNotice.h">
      <Filter>头文件</Filter>
    </ClInclude>
    <ClInclude Include="md5.h">
      <Filter>头文件</Filter>
    </ClInclude>
    <ClInclude Include="MHFile.h">
      <Filter>头文件</Filter>
    </ClInclude>
    <ClInclude Include="MonitorAdapter.h">
      <Filter>头文件</Filter>
    </ClInclude>
    <ClInclude Include="MyWebBroser.h">
      <Filter>头文件</Filter>
    </ClInclude>
    <ClInclude Include="lib\ClinkAPI.h">
      <Filter>头文件</Filter>
    </ClInclude>
    <ClInclude Include="CodePageMgr.h">
      <Filter>头文件</Filter>
    </ClInclude>
  </ItemGroup>
  <ItemGroup>
    <ClCompile Include="MHAutoPatch.cpp">
      <Filter>源文件</Filter>
    </ClCompile>
    <ClCompile Include="MHAutoPatchDlg.cpp">
      <Filter>源文件</Filter>
    </ClCompile>
    <ClCompile Include="stdafx.cpp">
      <Filter>源文件</Filter>
    </ClCompile>
    <ClCompile Include="CheckResourceFile.cpp">
      <Filter>源文件</Filter>
    </ClCompile>
    <ClCompile Include="cTextParsing.cpp">
      <Filter>源文件</Filter>
    </ClCompile>
    <ClCompile Include="HtmlViewNotice.cpp">
      <Filter>源文件</Filter>
    </ClCompile>
    <ClCompile Include="md5.cpp">
      <Filter>源文件</Filter>
    </ClCompile>
    <ClCompile Include="MHFile.cpp">
      <Filter>源文件</Filter>
    </ClCompile>
    <ClCompile Include="MonitorAdapter.cpp">
      <Filter>源文件</Filter>
    </ClCompile>
    <ClCompile Include="CodePageMgr.cpp">
      <Filter>源文件</Filter>
    </ClCompile>
  </ItemGroup>
  <ItemGroup>
    <ResourceCompile Include="MHAutoPatch.rc">
      <Filter>资源文件</Filter>
    </ResourceCompile>
  </ItemGroup>
  <ItemGroup>
    <None Include="res\MHAutoPatch.rc2">
      <Filter>资源文件</Filter>
    </None>
  </ItemGroup>
  <ItemGroup>
    <Image Include="res\MHAutoPatch.ico">
      <Filter>资源文件</Filter>
    </Image>
    <Image Include="res\BackGroundMark.bmp">
      <Filter>资源文件</Filter>
    </Image>
    <Image Include="res\关闭按钮.bmp">
      <Filter>资源文件</Filter>
    </Image>
    <Image Include="res\关闭按钮D.bmp">
      <Filter>资源文件</Filter>
    </Image>
    <Image Include="res\官网按钮.bmp">
      <Filter>资源文件</Filter>
    </Image>
    <Image Include="res\官网按钮D.bmp">
      <Filter>资源文件</Filter>
    </Image>
    <Image Include="res\开始按钮.bmp">
      <Filter>资源文件</Filter>
    </Image>
    <Image Include="res\开始按钮D.bmp">
      <Filter>资源文件</Filter>
    </Image>
    <Image Include="res\开始按钮X.bmp">
      <Filter>资源文件</Filter>
    </Image>
    <Image Include="res\MH.ico">
      <Filter>资源文件</Filter>
    </Image>
  </ItemGroup>
</Project>