
Microsoft Visual Studio Solution File, Format Version 9.00
# Visual Studio 2005
Project("{8BC9CEB8-8B4A-11D0-8D11-00A0C91BC942}") = "4DyuchiFileStorage", "4DyuchiFileStorage.vcproj", "{C6E88791-63CF-4207-9532-99E143638A00}"
EndProject
Project("{8BC9CEB8-8B4A-11D0-8D11-00A0C91BC942}") = "4DyuchiGX_Render", "..\4DYUCHIGX_RENDER\4DyuchiGX_Render.vcproj", "{4A2087EA-B9EF-4A19-8C41-146899F930FC}"
EndProject
Project("{8BC9CEB8-8B4A-11D0-8D11-00A0C91BC942}") = "4DyuchiGXExecutive", "..\4DYUCHIGXEXECUTIVE\4DyuchiGXExecutive.vcproj", "{063298EC-0544-4DA3-904E-90E172DDC9F7}"
EndProject
Project("{8BC9CEB8-8B4A-11D0-8D11-00A0C91BC942}") = "4DyuchiGXFileExtractor", "..\4DYUCHIGXFILEEXTRACTOR\4DyuchiGXFileExtractor.vcproj", "{B97A4498-C42D-4F3C-8693-CB1751F5AD8F}"
EndProject
Project("{8BC9CEB8-8B4A-11D0-8D11-00A0C91BC942}") = "4DyuchiGXGeometry", "..\4DyuchiGXGeometry\4DyuchiGXGeometry.vcproj", "{1A1AFBDD-C585-411B-8A7C-B7FDB802BD23}"
EndProject
Project("{8BC9CEB8-8B4A-11D0-8D11-00A0C91BC942}") = "4DyuchiGXGFunc", "..\4DyuchiGXGFunc\4DyuchiGXGFunc.vcproj", "{3CB21855-C22C-4083-8DDB-062094CCCFCB}"
EndProject
Global
	GlobalSection(SolutionConfigurationPlatforms) = preSolution
		Debug|Win32 = Debug|Win32
		for_SSE_Debug|Win32 = for_SSE_Debug|Win32
		for_SSE_Release|Win32 = for_SSE_Release|Win32
		Release|Win32 = Release|Win32
	EndGlobalSection
	GlobalSection(ProjectConfigurationPlatforms) = postSolution
		{C6E88791-63CF-4207-9532-99E143638A00}.Debug|Win32.ActiveCfg = Debug|Win32
		{C6E88791-63CF-4207-9532-99E143638A00}.Debug|Win32.Build.0 = Debug|Win32
		{C6E88791-63CF-4207-9532-99E143638A00}.for_SSE_Debug|Win32.ActiveCfg = Debug|Win32
		{C6E88791-63CF-4207-9532-99E143638A00}.for_SSE_Debug|Win32.Build.0 = Debug|Win32
		{C6E88791-63CF-4207-9532-99E143638A00}.for_SSE_Release|Win32.ActiveCfg = Release|Win32
		{C6E88791-63CF-4207-9532-99E143638A00}.for_SSE_Release|Win32.Build.0 = Release|Win32
		{C6E88791-63CF-4207-9532-99E143638A00}.Release|Win32.ActiveCfg = Release|Win32
		{C6E88791-63CF-4207-9532-99E143638A00}.Release|Win32.Build.0 = Release|Win32
		{4A2087EA-B9EF-4A19-8C41-146899F930FC}.Debug|Win32.ActiveCfg = Debug|Win32
		{4A2087EA-B9EF-4A19-8C41-146899F930FC}.Debug|Win32.Build.0 = Debug|Win32
		{4A2087EA-B9EF-4A19-8C41-146899F930FC}.for_SSE_Debug|Win32.ActiveCfg = Debug|Win32
		{4A2087EA-B9EF-4A19-8C41-146899F930FC}.for_SSE_Debug|Win32.Build.0 = Debug|Win32
		{4A2087EA-B9EF-4A19-8C41-146899F930FC}.for_SSE_Release|Win32.ActiveCfg = Release|Win32
		{4A2087EA-B9EF-4A19-8C41-146899F930FC}.for_SSE_Release|Win32.Build.0 = Release|Win32
		{4A2087EA-B9EF-4A19-8C41-146899F930FC}.Release|Win32.ActiveCfg = Release|Win32
		{4A2087EA-B9EF-4A19-8C41-146899F930FC}.Release|Win32.Build.0 = Release|Win32
		{063298EC-0544-4DA3-904E-90E172DDC9F7}.Debug|Win32.ActiveCfg = Debug|Win32
		{063298EC-0544-4DA3-904E-90E172DDC9F7}.Debug|Win32.Build.0 = Debug|Win32
		{063298EC-0544-4DA3-904E-90E172DDC9F7}.for_SSE_Debug|Win32.ActiveCfg = Debug|Win32
		{063298EC-0544-4DA3-904E-90E172DDC9F7}.for_SSE_Debug|Win32.Build.0 = Debug|Win32
		{063298EC-0544-4DA3-904E-90E172DDC9F7}.for_SSE_Release|Win32.ActiveCfg = Release|Win32
		{063298EC-0544-4DA3-904E-90E172DDC9F7}.for_SSE_Release|Win32.Build.0 = Release|Win32
		{063298EC-0544-4DA3-904E-90E172DDC9F7}.Release|Win32.ActiveCfg = Release|Win32
		{063298EC-0544-4DA3-904E-90E172DDC9F7}.Release|Win32.Build.0 = Release|Win32
		{B97A4498-C42D-4F3C-8693-CB1751F5AD8F}.Debug|Win32.ActiveCfg = Debug|Win32
		{B97A4498-C42D-4F3C-8693-CB1751F5AD8F}.Debug|Win32.Build.0 = Debug|Win32
		{B97A4498-C42D-4F3C-8693-CB1751F5AD8F}.for_SSE_Debug|Win32.ActiveCfg = Debug|Win32
		{B97A4498-C42D-4F3C-8693-CB1751F5AD8F}.for_SSE_Debug|Win32.Build.0 = Debug|Win32
		{B97A4498-C42D-4F3C-8693-CB1751F5AD8F}.for_SSE_Release|Win32.ActiveCfg = Release|Win32
		{B97A4498-C42D-4F3C-8693-CB1751F5AD8F}.for_SSE_Release|Win32.Build.0 = Release|Win32
		{B97A4498-C42D-4F3C-8693-CB1751F5AD8F}.Release|Win32.ActiveCfg = Release|Win32
		{B97A4498-C42D-4F3C-8693-CB1751F5AD8F}.Release|Win32.Build.0 = Release|Win32
		{1A1AFBDD-C585-411B-8A7C-B7FDB802BD23}.Debug|Win32.ActiveCfg = Debug|Win32
		{1A1AFBDD-C585-411B-8A7C-B7FDB802BD23}.Debug|Win32.Build.0 = Debug|Win32
		{1A1AFBDD-C585-411B-8A7C-B7FDB802BD23}.for_SSE_Debug|Win32.ActiveCfg = Debug|Win32
		{1A1AFBDD-C585-411B-8A7C-B7FDB802BD23}.for_SSE_Debug|Win32.Build.0 = Debug|Win32
		{1A1AFBDD-C585-411B-8A7C-B7FDB802BD23}.for_SSE_Release|Win32.ActiveCfg = Release|Win32
		{1A1AFBDD-C585-411B-8A7C-B7FDB802BD23}.for_SSE_Release|Win32.Build.0 = Release|Win32
		{1A1AFBDD-C585-411B-8A7C-B7FDB802BD23}.Release|Win32.ActiveCfg = Release|Win32
		{1A1AFBDD-C585-411B-8A7C-B7FDB802BD23}.Release|Win32.Build.0 = Release|Win32
		{3CB21855-C22C-4083-8DDB-062094CCCFCB}.Debug|Win32.ActiveCfg = for_SSE_Debug|Win32
		{3CB21855-C22C-4083-8DDB-062094CCCFCB}.Debug|Win32.Build.0 = for_SSE_Debug|Win32
		{3CB21855-C22C-4083-8DDB-062094CCCFCB}.for_SSE_Debug|Win32.ActiveCfg = for_SSE_Debug|Win32
		{3CB21855-C22C-4083-8DDB-062094CCCFCB}.for_SSE_Debug|Win32.Build.0 = for_SSE_Debug|Win32
		{3CB21855-C22C-4083-8DDB-062094CCCFCB}.for_SSE_Release|Win32.ActiveCfg = for_SSE_Release|Win32
		{3CB21855-C22C-4083-8DDB-062094CCCFCB}.for_SSE_Release|Win32.Build.0 = for_SSE_Release|Win32
		{3CB21855-C22C-4083-8DDB-062094CCCFCB}.Release|Win32.ActiveCfg = Release|Win32
		{3CB21855-C22C-4083-8DDB-062094CCCFCB}.Release|Win32.Build.0 = Release|Win32
	EndGlobalSection
	GlobalSection(SolutionProperties) = preSolution
		HideSolutionNode = FALSE
	EndGlobalSection
EndGlobal
