<?xml version="1.0" encoding="utf-8"?>
<Project ToolsVersion="4.0" xmlns="http://schemas.microsoft.com/developer/msbuild/2003">
  <ItemGroup>
    <Filter Include="Source Files">
      <UniqueIdentifier>{35fa2fcb-5cd7-4072-be42-e12dc4d19cee}</UniqueIdentifier>
      <Extensions>cpp;c;cxx;rc;def;r;odl;idl;hpj;bat</Extensions>
    </Filter>
    <Filter Include="Module">
      <UniqueIdentifier>{641bfc73-97f2-4566-a734-1ec5892cad5d}</UniqueIdentifier>
    </Filter>
    <Filter Include="Common">
      <UniqueIdentifier>{29b4fbee-9488-4145-a5ea-a5779bafa83f}</UniqueIdentifier>
    </Filter>
    <Filter Include="Common\TargetList">
      <UniqueIdentifier>{2b98bb08-b29d-40a3-9651-b6b0cad7fd9f}</UniqueIdentifier>
    </Filter>
    <Filter Include="EngineLib">
      <UniqueIdentifier>{4ebdf070-d5ac-4cbb-abcb-4e0edeedd017}</UniqueIdentifier>
    </Filter>
    <Filter Include="EngineLib\4DyuchiGRX_common">
      <UniqueIdentifier>{34e3cba3-629f-44a0-93cc-937bc26de181}</UniqueIdentifier>
    </Filter>
    <Filter Include="EngineLib\4DyuchiGXGFunc">
      <UniqueIdentifier>{20d564d7-42b7-4d2e-9e64-7ddf0e531da4}</UniqueIdentifier>
    </Filter>
    <Filter Include="Resource Files">
      <UniqueIdentifier>{786b65e4-7b0b-43d1-80ad-832d67a3f73f}</UniqueIdentifier>
      <Extensions>ico;cur;bmp;dlg;rc2;rct;bin;rgs;gif;jpg;jpeg;jpe</Extensions>
    </Filter>
  </ItemGroup>
  <ItemGroup>
    <ClCompile Include="CommonNetworkMsgParser.cpp">
      <Filter>Source Files</Filter>
    </ClCompile>
    <ClCompile Include="Crypt.cpp">
      <Filter>Source Files</Filter>
    </ClCompile>
    <ClCompile Include="Date.cpp">
      <Filter>Source Files</Filter>
    </ClCompile>
    <ClCompile Include="DistributeDBMsgParser.cpp">
      <Filter>Source Files</Filter>
    </ClCompile>
    <ClCompile Include="DistributeNetworkMsgParser.cpp">
      <Filter>Source Files</Filter>
    </ClCompile>
    <ClCompile Include="MHFile.cpp">
      <Filter>Source Files</Filter>
    </ClCompile>
    <ClCompile Include="MHTimeManager.cpp">
      <Filter>Source Files</Filter>
    </ClCompile>
    <ClCompile Include="Server.cpp">
      <Filter>Source Files</Filter>
    </ClCompile>
    <ClCompile Include="ServerSystem.cpp">
      <Filter>Source Files</Filter>
    </ClCompile>
    <ClCompile Include="ServerTable.cpp">
      <Filter>Source Files</Filter>
    </ClCompile>
    <ClCompile Include="StdAfx.cpp">
      <Filter>Source Files</Filter>
    </ClCompile>
    <ClCompile Include="sTopListManager.cpp">
      <Filter>Source Files</Filter>
    </ClCompile>
    <ClCompile Include="UserManager.cpp">
      <Filter>Source Files</Filter>
    </ClCompile>
    <ClCompile Include="UserTable.cpp">
      <Filter>Source Files</Filter>
    </ClCompile>
    <ClCompile Include="..\[CC]ServerModule\BootManager.cpp">
      <Filter>Module</Filter>
    </ClCompile>
    <ClCompile Include="..\[CC]ServerModule\CommonDBMsgParser.cpp">
      <Filter>Module</Filter>
    </ClCompile>
    <ClCompile Include="..\[CC]ServerModule\Console.cpp">
      <Filter>Module</Filter>
    </ClCompile>
    <ClCompile Include="..\[CC]ServerModule\DataBase.cpp">
      <Filter>Module</Filter>
    </ClCompile>
    <ClCompile Include="MD5Checksum.cpp">
      <Filter>Module</Filter>
    </ClCompile>
    <ClCompile Include="..\[CC]ServerModule\MiniDumper.cpp">
      <Filter>Module</Filter>
    </ClCompile>
    <ClCompile Include="..\[CC]ServerModule\Network.cpp">
      <Filter>Module</Filter>
    </ClCompile>
    <ClCompile Include="..\[CC]ServerModule\ServerListManager.cpp">
      <Filter>Module</Filter>
    </ClCompile>
    <ClCompile Include="..\[CC]Header\CommonCalcFunc.cpp">
      <Filter>Common</Filter>
    </ClCompile>
    <ClCompile Include="..\[CC]Header\CommonGameFunc.cpp">
      <Filter>Common</Filter>
    </ClCompile>
    <ClCompile Include="..\[CC]Header\vector.cpp">
      <Filter>Common</Filter>
    </ClCompile>
    <ClCompile Include="..\[CC]Header\TargetList\TargetData.cpp">
      <Filter>Common\TargetList</Filter>
    </ClCompile>
    <ClCompile Include="..\[CC]Header\TargetList\TargetList.cpp">
      <Filter>Common\TargetList</Filter>
    </ClCompile>
    <ClCompile Include="..\[CC]Header\TargetList\TargetListIterator.cpp">
      <Filter>Common\TargetList</Filter>
    </ClCompile>
  </ItemGroup>
  <ItemGroup>
    <ClInclude Include="CommonNetworkMsgParser.h">
      <Filter>Source Files</Filter>
    </ClInclude>
    <ClInclude Include="Crypt.h">
      <Filter>Source Files</Filter>
    </ClInclude>
    <ClInclude Include="Date.h">
      <Filter>Source Files</Filter>
    </ClInclude>
    <ClInclude Include="DistributeDBMsgParser.h">
      <Filter>Source Files</Filter>
    </ClInclude>
    <ClInclude Include="DistributeNetworkMsgParser.h">
      <Filter>Source Files</Filter>
    </ClInclude>
    <ClInclude Include="MHFile.h">
      <Filter>Source Files</Filter>
    </ClInclude>
    <ClInclude Include="MHTimeManager.h">
      <Filter>Source Files</Filter>
    </ClInclude>
    <ClInclude Include="ServerSystem.h">
      <Filter>Source Files</Filter>
    </ClInclude>
    <ClInclude Include="ServerTable.h">
      <Filter>Source Files</Filter>
    </ClInclude>
    <ClInclude Include="StdAfx.h">
      <Filter>Source Files</Filter>
    </ClInclude>
    <ClInclude Include="sTopListManager.h">
      <Filter>Source Files</Filter>
    </ClInclude>
    <ClInclude Include="UserManager.h">
      <Filter>Source Files</Filter>
    </ClInclude>
    <ClInclude Include="UserTable.h">
      <Filter>Source Files</Filter>
    </ClInclude>
    <ClInclude Include="..\[CC]ServerModule\BootManager.h">
      <Filter>Module</Filter>
    </ClInclude>
    <ClInclude Include="..\[CC]ServerModule\CommonDBMsgParser.h">
      <Filter>Module</Filter>
    </ClInclude>
    <ClInclude Include="..\[CC]ServerModule\Console.h">
      <Filter>Module</Filter>
    </ClInclude>
    <ClInclude Include="..\[CC]ServerModule\console_type.h">
      <Filter>Module</Filter>
    </ClInclude>
    <ClInclude Include="..\[CC]ServerModule\DataBase.h">
      <Filter>Module</Filter>
    </ClInclude>
    <ClInclude Include="..\[CC]ServerModule\DB.h">
      <Filter>Module</Filter>
    </ClInclude>
    <ClInclude Include="..\[CC]ServerModule\DBThreadInterface.h">
      <Filter>Module</Filter>
    </ClInclude>
    <ClInclude Include="..\[CC]ServerModule\define.h">
      <Filter>Module</Filter>
    </ClInclude>
    <ClInclude Include="..\[CC]ServerModule\iconsole.h">
      <Filter>Module</Filter>
    </ClInclude>
    <ClInclude Include="..\[CC]ServerModule\iconsole_guid.h">
      <Filter>Module</Filter>
    </ClInclude>
    <ClInclude Include="..\[CC]ServerModule\inetwork.h">
      <Filter>Module</Filter>
    </ClInclude>
    <ClInclude Include="MD5Checksum.h">
      <Filter>Module</Filter>
    </ClInclude>
    <ClInclude Include="MD5ChecksumDefines.h">
      <Filter>Module</Filter>
    </ClInclude>
    <ClInclude Include="..\[CC]ServerModule\MiniDumper.h">
      <Filter>Module</Filter>
    </ClInclude>
    <ClInclude Include="..\[CC]ServerModule\net_define.h">
      <Filter>Module</Filter>
    </ClInclude>
    <ClInclude Include="..\[CC]ServerModule\Network.h">
      <Filter>Module</Filter>
    </ClInclude>
    <ClInclude Include="..\[CC]ServerModule\network_guid.h">
      <Filter>Module</Filter>
    </ClInclude>
    <ClInclude Include="..\[CC]ServerModule\Noncopyable.h">
      <Filter>Module</Filter>
    </ClInclude>
    <ClInclude Include="..\[CC]ServerModule\ServerListManager.h">
      <Filter>Module</Filter>
    </ClInclude>
    <ClInclude Include="..\[CC]ServerModule\TConsole_Def.h">
      <Filter>Module</Filter>
    </ClInclude>
    <ClInclude Include="..\[CC]ServerModule\TConsole_Guids.h">
      <Filter>Module</Filter>
    </ClInclude>
    <ClInclude Include="..\[CC]ServerModule\TConsole_Interface.h">
      <Filter>Module</Filter>
    </ClInclude>
    <ClInclude Include="..\[CC]ServerModule\typedef.h">
      <Filter>Module</Filter>
    </ClInclude>
    <ClInclude Include="..\[CC]Header\AddableInfo.h">
      <Filter>Common</Filter>
    </ClInclude>
    <ClInclude Include="..\[CC]Header\ClientGameDefine.h">
      <Filter>Common</Filter>
    </ClInclude>
    <ClInclude Include="..\[CC]Header\ClientGameStruct.h">
      <Filter>Common</Filter>
    </ClInclude>
    <ClInclude Include="..\[CC]Header\CommonCalcFunc.h">
      <Filter>Common</Filter>
    </ClInclude>
    <ClInclude Include="..\[CC]Header\CommonDefine.h">
      <Filter>Common</Filter>
    </ClInclude>
    <ClInclude Include="..\[CC]Header\CommonGameDefine.h">
      <Filter>Common</Filter>
    </ClInclude>
    <ClInclude Include="..\[CC]Header\CommonGameFunc.h">
      <Filter>Common</Filter>
    </ClInclude>
    <ClInclude Include="..\[CC]Header\CommonGameStruct.h">
      <Filter>Common</Filter>
    </ClInclude>
    <ClInclude Include="..\[CC]Header\CommonStruct.h">
      <Filter>Common</Filter>
    </ClInclude>
    <ClInclude Include="..\[CC]Header\Protocol.h">
      <Filter>Common</Filter>
    </ClInclude>
    <ClInclude Include="..\[CC]Header\ServerGameDefine.h">
      <Filter>Common</Filter>
    </ClInclude>
    <ClInclude Include="..\[CC]Header\ServerGameStruct.h">
      <Filter>Common</Filter>
    </ClInclude>
    <ClInclude Include="..\[CC]Header\vector.h">
      <Filter>Common</Filter>
    </ClInclude>
    <ClInclude Include="..\[CC]Header\TargetList\TargetData.h">
      <Filter>Common\TargetList</Filter>
    </ClInclude>
    <ClInclude Include="..\[CC]Header\TargetList\TargetList.h">
      <Filter>Common\TargetList</Filter>
    </ClInclude>
    <ClInclude Include="..\[CC]Header\TargetList\TargetListIterator.h">
      <Filter>Common\TargetList</Filter>
    </ClInclude>
    <ClInclude Include="..\4DyuchiGRX_common\FileStorage_typedef.h">
      <Filter>EngineLib\4DyuchiGRX_common</Filter>
    </ClInclude>
    <ClInclude Include="..\4DyuchiGRX_common\GXSCHEDULE_PROC_MSG.h">
      <Filter>EngineLib\4DyuchiGRX_common</Filter>
    </ClInclude>
    <ClInclude Include="..\4DyuchiGRX_common\IAudio.h">
      <Filter>EngineLib\4DyuchiGRX_common</Filter>
    </ClInclude>
    <ClInclude Include="..\4DyuchiGRX_common\IAudio_GUID.h">
      <Filter>EngineLib\4DyuchiGRX_common</Filter>
    </ClInclude>
    <ClInclude Include="..\4DyuchiGRX_common\IExecutive.h">
      <Filter>EngineLib\4DyuchiGRX_common</Filter>
    </ClInclude>
    <ClInclude Include="..\4DyuchiGRX_common\IExecutive_GUID.h">
      <Filter>EngineLib\4DyuchiGRX_common</Filter>
    </ClInclude>
    <ClInclude Include="..\4DyuchiGRX_common\IFileStorage.h">
      <Filter>EngineLib\4DyuchiGRX_common</Filter>
    </ClInclude>
    <ClInclude Include="..\4DyuchiGRX_common\IFileStorage_GUID.h">
      <Filter>EngineLib\4DyuchiGRX_common</Filter>
    </ClInclude>
    <ClInclude Include="..\4DyuchiGRX_common\IGeometry.h">
      <Filter>EngineLib\4DyuchiGRX_common</Filter>
    </ClInclude>
    <ClInclude Include="..\4DyuchiGRX_common\IGeometry_GUID.h">
      <Filter>EngineLib\4DyuchiGRX_common</Filter>
    </ClInclude>
    <ClInclude Include="..\4DyuchiGRX_common\IRenderer.h">
      <Filter>EngineLib\4DyuchiGRX_common</Filter>
    </ClInclude>
    <ClInclude Include="..\4DyuchiGRX_common\IRenderer_GUID.h">
      <Filter>EngineLib\4DyuchiGRX_common</Filter>
    </ClInclude>
    <ClInclude Include="..\4DyuchiGRX_common\mesh_flag.h">
      <Filter>EngineLib\4DyuchiGRX_common</Filter>
    </ClInclude>
    <ClInclude Include="..\4DyuchiGRX_common\motion_flag.h">
      <Filter>EngineLib\4DyuchiGRX_common</Filter>
    </ClInclude>
    <ClInclude Include="..\4DyuchiGRX_common\StdAfx.h">
      <Filter>EngineLib\4DyuchiGRX_common</Filter>
    </ClInclude>
    <ClInclude Include="..\4DyuchiGRX_common\typedef.h">
      <Filter>EngineLib\4DyuchiGRX_common</Filter>
    </ClInclude>
    <ClInclude Include="..\4DyuchiGXGFunc\global.h">
      <Filter>EngineLib\4DyuchiGXGFunc</Filter>
    </ClInclude>
    <ClInclude Include="..\4DyuchiGXGFunc\type.h">
      <Filter>EngineLib\4DyuchiGXGFunc</Filter>
    </ClInclude>
  </ItemGroup>
  <ItemGroup>
    <None Include="..\4DyuchiGRX_common\math.inl">
      <Filter>EngineLib\4DyuchiGRX_common</Filter>
    </None>
  </ItemGroup>
  <ItemGroup>
    <Library Include="..\4DyuchiGXGFunc\SS3DGFunc.lib">
      <Filter>EngineLib\4DyuchiGXGFunc</Filter>
    </Library>
  </ItemGroup>
</Project>