<?xml version="1.0" encoding="utf-8"?>
<Project ToolsVersion="4.0" xmlns="http://schemas.microsoft.com/developer/msbuild/2003">
  <ItemGroup>
    <Filter Include="Source Files">
      <UniqueIdentifier>{b315b0bd-9b4a-4835-b7cf-b0d5aa05668c}</UniqueIdentifier>
      <Extensions>cpp;c;cxx;rc;def;r;odl;idl;hpj;bat</Extensions>
    </Filter>
    <Filter Include="Header Files">
      <UniqueIdentifier>{764fd38f-17ff-4efe-af21-21f0772f64cf}</UniqueIdentifier>
      <Extensions>h;hpp;hxx;hm;inl</Extensions>
    </Filter>
    <Filter Include="Resource Files">
      <UniqueIdentifier>{3dff9677-27ac-4be4-aeb7-58a419819343}</UniqueIdentifier>
      <Extensions>ico;cur;bmp;dlg;rc2;rct;bin;rgs;gif;jpg;jpeg;jpe</Extensions>
    </Filter>
  </ItemGroup>
  <ItemGroup>
    <ClCompile Include="ExtDlg.cpp">
      <Filter>Source Files</Filter>
    </ClCompile>
    <ClCompile Include="MHFileEx.cpp">
      <Filter>Source Files</Filter>
    </ClCompile>
    <ClCompile Include="MHFileMng.cpp">
      <Filter>Source Files</Filter>
    </ClCompile>
    <ClCompile Include="MyEdit.cpp">
      <Filter>Source Files</Filter>
    </ClCompile>
    <ClCompile Include="MyRichEdit.cpp">
      <Filter>Source Files</Filter>
    </ClCompile>
    <ClCompile Include="NewDlg.cpp">
      <Filter>Source Files</Filter>
    </ClCompile>
    <ClCompile Include="PackingTool.cpp">
      <Filter>Source Files</Filter>
    </ClCompile>
    <ClCompile Include="PackingToolDlg.cpp">
      <Filter>Source Files</Filter>
    </ClCompile>
    <ClCompile Include="StdAfx.cpp">
      <Filter>Source Files</Filter>
    </ClCompile>
  </ItemGroup>
  <ItemGroup>
    <ResourceCompile Include="PackingTool.rc">
      <Filter>Source Files</Filter>
    </ResourceCompile>
  </ItemGroup>
  <ItemGroup>
    <ClInclude Include="ExtDlg.h">
      <Filter>Header Files</Filter>
    </ClInclude>
    <ClInclude Include="MHFileEx.h">
      <Filter>Header Files</Filter>
    </ClInclude>
    <ClInclude Include="MHFileMng.h">
      <Filter>Header Files</Filter>
    </ClInclude>
    <ClInclude Include="..\[CC]Header\MyDefClass.h">
      <Filter>Header Files</Filter>
    </ClInclude>
    <ClInclude Include="MyEdit.h">
      <Filter>Header Files</Filter>
    </ClInclude>
    <ClInclude Include="MyRichEdit.h">
      <Filter>Header Files</Filter>
    </ClInclude>
    <ClInclude Include="NewDlg.h">
      <Filter>Header Files</Filter>
    </ClInclude>
    <ClInclude Include="PackingTool.h">
      <Filter>Header Files</Filter>
    </ClInclude>
    <ClInclude Include="PackingToolDlg.h">
      <Filter>Header Files</Filter>
    </ClInclude>
    <ClInclude Include="Resource.h">
      <Filter>Header Files</Filter>
    </ClInclude>
    <ClInclude Include="StdAfx.h">
      <Filter>Header Files</Filter>
    </ClInclude>
  </ItemGroup>
  <ItemGroup>
    <Image Include="res\PackingTool.ico">
      <Filter>Resource Files</Filter>
    </Image>
    <Image Include="res\PackingTool12.ico">
      <Filter>Resource Files</Filter>
    </Image>
    <Image Include="res\PackingTool122.ico">
      <Filter>Resource Files</Filter>
    </Image>
    <Image Include="res\PackingTool2.ico">
      <Filter>Resource Files</Filter>
    </Image>
  </ItemGroup>
  <ItemGroup>
    <None Include="res\PackingTool.rc2">
      <Filter>Resource Files</Filter>
    </None>
  </ItemGroup>
  <ItemGroup>
    <Text Include="ReadMe.txt" />
  </ItemGroup>
</Project>